# THIS IS AN AUTOGENERATED FILE. DO NOT EDIT THIS FILE DIRECTLY.
# yarn lockfile v1


mongoose-long@^0.3.2:
  version "0.3.2"
  resolved "https://registry.yarnpkg.com/mongoose-long/-/mongoose-long-0.3.2.tgz#9e38773fc93c9c5ecfea200635878593ea577fb0"
  integrity sha512-5gTjPH6HUmtNhamv8MPwExWo01Z4d9CT5njZlupqqbmxzMXTbDOgCuP/jnK+9SV0Fs7nuyYlXv7pJ/nA2pAAuA==
